// !$*UTF8*$!
{
	archiveVersion = 1;
	classes = {
	};
	objectVersion = 50;
	objects = {

/* Begin PBXBuildFile section */
		7B2B5B6121371C8C00A6AB47 /* AppDelegate.swift in Sources */ = {isa = PBXBuildFile; fileRef = 7B2B5B6021371C8C00A6AB47 /* AppDelegate.swift */; };
		7B2B5B6621371C8C00A6AB47 /* Main.storyboard in Resources */ = {isa = PBXBuildFile; fileRef = 7B2B5B6421371C8C00A6AB47 /* Main.storyboard */; };
		7B2B5B6821371C9500A6AB47 /* Assets.xcassets in Resources */ = {isa = PBXBuildFile; fileRef = 7B2B5B6721371C9500A6AB47 /* Assets.xcassets */; };
		7B2B5B6B21371C9500A6AB47 /* LaunchScreen.storyboard in Resources */ = {isa = PBXBuildFile; fileRef = 7B2B5B6921371C9500A6AB47 /* LaunchScreen.storyboard */; };
		7B2B5B7621371C9500A6AB47 /* NotMyDogeTests.swift in Sources */ = {isa = PBXBuildFile; fileRef = 7B2B5B7521371C9500A6AB47 /* NotMyDogeTests.swift */; };
		7B2C07652137C1810010EBA1 /* APIManager.swift in Sources */ = {isa = PBXBuildFile; fileRef = 7B2C07642137C1810010EBA1 /* APIManager.swift */; };
		7B2C07672137C3DF0010EBA1 /* Router.swift in Sources */ = {isa = PBXBuildFile; fileRef = 7B2C07662137C3DF0010EBA1 /* Router.swift */; };
		7B2C07692137C66F0010EBA1 /* DogeFetchRouter.swift in Sources */ = {isa = PBXBuildFile; fileRef = 7B2C07682137C66F0010EBA1 /* DogeFetchRouter.swift */; };
		7B2C076B2137CE7F0010EBA1 /* DogeModel.swift in Sources */ = {isa = PBXBuildFile; fileRef = 7B2C076A2137CE7F0010EBA1 /* DogeModel.swift */; };
		7B2C076D2137D9080010EBA1 /* MyDogeViewController.swift in Sources */ = {isa = PBXBuildFile; fileRef = 7B2C076C2137D9080010EBA1 /* MyDogeViewController.swift */; };
		7B2C076F2137D9490010EBA1 /* MyDogeViewModel.swift in Sources */ = {isa = PBXBuildFile; fileRef = 7B2C076E2137D9490010EBA1 /* MyDogeViewModel.swift */; };
		7B2C07712138215E0010EBA1 /* NetworkRequestManager.swift in Sources */ = {isa = PBXBuildFile; fileRef = 7B2C07702138215E0010EBA1 /* NetworkRequestManager.swift */; };
		7B2C0773213840F50010EBA1 /* HomeViewController.swift in Sources */ = {isa = PBXBuildFile; fileRef = 7B2C0772213840F50010EBA1 /* HomeViewController.swift */; };
		7B2C07752138411D0010EBA1 /* SplashViewController.swift in Sources */ = {isa = PBXBuildFile; fileRef = 7B2C07742138411D0010EBA1 /* SplashViewController.swift */; };
		7B2C0777213841700010EBA1 /* User.swift in Sources */ = {isa = PBXBuildFile; fileRef = 7B2C0776213841700010EBA1 /* User.swift */; };
		7B2C0779213841D90010EBA1 /* UserManager.swift in Sources */ = {isa = PBXBuildFile; fileRef = 7B2C0778213841D90010EBA1 /* UserManager.swift */; };
		7B2C077B2138789B0010EBA1 /* NSObject+ClassName.swift in Sources */ = {isa = PBXBuildFile; fileRef = 7B2C077A2138789B0010EBA1 /* NSObject+ClassName.swift */; };
		7B2C077D213879E90010EBA1 /* LoginViewController.swift in Sources */ = {isa = PBXBuildFile; fileRef = 7B2C077C213879E90010EBA1 /* LoginViewController.swift */; };
		7B2C077F21387A210010EBA1 /* Initializable.swift in Sources */ = {isa = PBXBuildFile; fileRef = 7B2C077E21387A210010EBA1 /* Initializable.swift */; };
		7B2C078121387AA10010EBA1 /* UIStoryboard+Storyboard.swift in Sources */ = {isa = PBXBuildFile; fileRef = 7B2C078021387AA10010EBA1 /* UIStoryboard+Storyboard.swift */; };
		7B2C0783213885940010EBA1 /* LoginViewModel.swift in Sources */ = {isa = PBXBuildFile; fileRef = 7B2C0782213885940010EBA1 /* LoginViewModel.swift */; };
		7B5B2587213A61F10024BEBB /* APIManagerMock.swift in Sources */ = {isa = PBXBuildFile; fileRef = 7B5B2586213A61F10024BEBB /* APIManagerMock.swift */; };
		7B5B2589213A65600024BEBB /* Model.swift in Sources */ = {isa = PBXBuildFile; fileRef = 7B5B2588213A65600024BEBB /* Model.swift */; };
		7B5B258D213A99DA0024BEBB /* doge.json in Resources */ = {isa = PBXBuildFile; fileRef = 7B5B258C213A99B00024BEBB /* doge.json */; };
		7B5B258E213A9A5A0024BEBB /* doge.json in Resources */ = {isa = PBXBuildFile; fileRef = 7B5B258C213A99B00024BEBB /* doge.json */; };
		7B5B2590213A9D080024BEBB /* FileRouter.swift in Sources */ = {isa = PBXBuildFile; fileRef = 7B5B258F213A9D080024BEBB /* FileRouter.swift */; };
		7B5B2592213A9FD30024BEBB /* dogecorrupt.json in Resources */ = {isa = PBXBuildFile; fileRef = 7B5B2591213A9F100024BEBB /* dogecorrupt.json */; };
		7B5B2593213A9FD40024BEBB /* dogecorrupt.json in Resources */ = {isa = PBXBuildFile; fileRef = 7B5B2591213A9F100024BEBB /* dogecorrupt.json */; };
		7BB37EF5D46EF3C7D2232F3D /* Pods_NotMyDoge.framework in Frameworks */ = {isa = PBXBuildFile; fileRef = FE02868C06AD70A67C71D6E7 /* Pods_NotMyDoge.framework */; };
		E0094FA0806610468AC1FB4A /* Pods_NotMyDogeTests.framework in Frameworks */ = {isa = PBXBuildFile; fileRef = EDD99FB4DC103E6CF3346D6B /* Pods_NotMyDogeTests.framework */; };
/* End PBXBuildFile section */

/* Begin PBXContainerItemProxy section */
		7B2B5B7221371C9500A6AB47 /* PBXContainerItemProxy */ = {
			isa = PBXContainerItemProxy;
			containerPortal = 7B2B5B5521371C8C00A6AB47 /* Project object */;
			proxyType = 1;
			remoteGlobalIDString = 7B2B5B5C21371C8C00A6AB47;
			remoteInfo = NotMyDoge;
		};
/* End PBXContainerItemProxy section */

/* Begin PBXFileReference section */
		0B208AA084C1B4278A895455 /* Pods-NotMyDogeTests.release.xcconfig */ = {isa = PBXFileReference; includeInIndex = 1; lastKnownFileType = text.xcconfig; name = "Pods-NotMyDogeTests.release.xcconfig"; path = "Pods/Target Support Files/Pods-NotMyDogeTests/Pods-NotMyDogeTests.release.xcconfig"; sourceTree = "<group>"; };
		354C43F4F079494D5BAC0063 /* Pods-NotMyDoge.debug.xcconfig */ = {isa = PBXFileReference; includeInIndex = 1; lastKnownFileType = text.xcconfig; name = "Pods-NotMyDoge.debug.xcconfig"; path = "Pods/Target Support Files/Pods-NotMyDoge/Pods-NotMyDoge.debug.xcconfig"; sourceTree = "<group>"; };
		3EDEA5335B25EF167BC98578 /* Pods-NotMyDoge.release.xcconfig */ = {isa = PBXFileReference; includeInIndex = 1; lastKnownFileType = text.xcconfig; name = "Pods-NotMyDoge.release.xcconfig"; path = "Pods/Target Support Files/Pods-NotMyDoge/Pods-NotMyDoge.release.xcconfig"; sourceTree = "<group>"; };
		7B2B5B5D21371C8C00A6AB47 /* NotMyDoge.app */ = {isa = PBXFileReference; explicitFileType = wrapper.application; includeInIndex = 0; path = NotMyDoge.app; sourceTree = BUILT_PRODUCTS_DIR; };
		7B2B5B6021371C8C00A6AB47 /* AppDelegate.swift */ = {isa = PBXFileReference; lastKnownFileType = sourcecode.swift; path = AppDelegate.swift; sourceTree = "<group>"; };
		7B2B5B6521371C8C00A6AB47 /* Base */ = {isa = PBXFileReference; lastKnownFileType = file.storyboard; name = Base; path = Base.lproj/Main.storyboard; sourceTree = "<group>"; };
		7B2B5B6721371C9500A6AB47 /* Assets.xcassets */ = {isa = PBXFileReference; lastKnownFileType = folder.assetcatalog; path = Assets.xcassets; sourceTree = "<group>"; };
		7B2B5B6A21371C9500A6AB47 /* Base */ = {isa = PBXFileReference; lastKnownFileType = file.storyboard; name = Base; path = Base.lproj/LaunchScreen.storyboard; sourceTree = "<group>"; };
		7B2B5B6C21371C9500A6AB47 /* Info.plist */ = {isa = PBXFileReference; lastKnownFileType = text.plist.xml; path = Info.plist; sourceTree = "<group>"; };
		7B2B5B7121371C9500A6AB47 /* NotMyDogeTests.xctest */ = {isa = PBXFileReference; explicitFileType = wrapper.cfbundle; includeInIndex = 0; path = NotMyDogeTests.xctest; sourceTree = BUILT_PRODUCTS_DIR; };
		7B2B5B7521371C9500A6AB47 /* NotMyDogeTests.swift */ = {isa = PBXFileReference; lastKnownFileType = sourcecode.swift; path = NotMyDogeTests.swift; sourceTree = "<group>"; };
		7B2B5B7721371C9500A6AB47 /* Info.plist */ = {isa = PBXFileReference; lastKnownFileType = text.plist.xml; path = Info.plist; sourceTree = "<group>"; };
		7B2C07642137C1810010EBA1 /* APIManager.swift */ = {isa = PBXFileReference; lastKnownFileType = sourcecode.swift; path = APIManager.swift; sourceTree = "<group>"; };
		7B2C07662137C3DF0010EBA1 /* Router.swift */ = {isa = PBXFileReference; lastKnownFileType = sourcecode.swift; path = Router.swift; sourceTree = "<group>"; };
		7B2C07682137C66F0010EBA1 /* DogeFetchRouter.swift */ = {isa = PBXFileReference; lastKnownFileType = sourcecode.swift; path = DogeFetchRouter.swift; sourceTree = "<group>"; };
		7B2C076A2137CE7F0010EBA1 /* DogeModel.swift */ = {isa = PBXFileReference; lastKnownFileType = sourcecode.swift; path = DogeModel.swift; sourceTree = "<group>"; };
		7B2C076C2137D9080010EBA1 /* MyDogeViewController.swift */ = {isa = PBXFileReference; lastKnownFileType = sourcecode.swift; path = MyDogeViewController.swift; sourceTree = "<group>"; };
		7B2C076E2137D9490010EBA1 /* MyDogeViewModel.swift */ = {isa = PBXFileReference; lastKnownFileType = sourcecode.swift; path = MyDogeViewModel.swift; sourceTree = "<group>"; };
		7B2C07702138215E0010EBA1 /* NetworkRequestManager.swift */ = {isa = PBXFileReference; lastKnownFileType = sourcecode.swift; path = NetworkRequestManager.swift; sourceTree = "<group>"; };
		7B2C0772213840F50010EBA1 /* HomeViewController.swift */ = {isa = PBXFileReference; fileEncoding = 4; lastKnownFileType = sourcecode.swift; path = HomeViewController.swift; sourceTree = "<group>"; };
		7B2C07742138411D0010EBA1 /* SplashViewController.swift */ = {isa = PBXFileReference; lastKnownFileType = sourcecode.swift; path = SplashViewController.swift; sourceTree = "<group>"; };
		7B2C0776213841700010EBA1 /* User.swift */ = {isa = PBXFileReference; lastKnownFileType = sourcecode.swift; path = User.swift; sourceTree = "<group>"; };
		7B2C0778213841D90010EBA1 /* UserManager.swift */ = {isa = PBXFileReference; lastKnownFileType = sourcecode.swift; path = UserManager.swift; sourceTree = "<group>"; };
		7B2C077A2138789B0010EBA1 /* NSObject+ClassName.swift */ = {isa = PBXFileReference; lastKnownFileType = sourcecode.swift; path = "NSObject+ClassName.swift"; sourceTree = "<group>"; };
		7B2C077C213879E90010EBA1 /* LoginViewController.swift */ = {isa = PBXFileReference; lastKnownFileType = sourcecode.swift; path = LoginViewController.swift; sourceTree = "<group>"; };
		7B2C077E21387A210010EBA1 /* Initializable.swift */ = {isa = PBXFileReference; lastKnownFileType = sourcecode.swift; path = Initializable.swift; sourceTree = "<group>"; };
		7B2C078021387AA10010EBA1 /* UIStoryboard+Storyboard.swift */ = {isa = PBXFileReference; lastKnownFileType = sourcecode.swift; path = "UIStoryboard+Storyboard.swift"; sourceTree = "<group>"; };
		7B2C0782213885940010EBA1 /* LoginViewModel.swift */ = {isa = PBXFileReference; lastKnownFileType = sourcecode.swift; path = LoginViewModel.swift; sourceTree = "<group>"; };
		7B5B2586213A61F10024BEBB /* APIManagerMock.swift */ = {isa = PBXFileReference; lastKnownFileType = sourcecode.swift; path = APIManagerMock.swift; sourceTree = "<group>"; };
		7B5B2588213A65600024BEBB /* Model.swift */ = {isa = PBXFileReference; lastKnownFileType = sourcecode.swift; path = Model.swift; sourceTree = "<group>"; };
		7B5B258C213A99B00024BEBB /* doge.json */ = {isa = PBXFileReference; lastKnownFileType = text.json; path = doge.json; sourceTree = "<group>"; };
		7B5B258F213A9D080024BEBB /* FileRouter.swift */ = {isa = PBXFileReference; lastKnownFileType = sourcecode.swift; path = FileRouter.swift; sourceTree = "<group>"; };
		7B5B2591213A9F100024BEBB /* dogecorrupt.json */ = {isa = PBXFileReference; lastKnownFileType = text.json; path = dogecorrupt.json; sourceTree = "<group>"; };
		A4B3F3F25E5D35933E6D3AB0 /* Pods-NotMyDogeTests.debug.xcconfig */ = {isa = PBXFileReference; includeInIndex = 1; lastKnownFileType = text.xcconfig; name = "Pods-NotMyDogeTests.debug.xcconfig"; path = "Pods/Target Support Files/Pods-NotMyDogeTests/Pods-NotMyDogeTests.debug.xcconfig"; sourceTree = "<group>"; };
		EDD99FB4DC103E6CF3346D6B /* Pods_NotMyDogeTests.framework */ = {isa = PBXFileReference; explicitFileType = wrapper.framework; includeInIndex = 0; path = Pods_NotMyDogeTests.framework; sourceTree = BUILT_PRODUCTS_DIR; };
		FE02868C06AD70A67C71D6E7 /* Pods_NotMyDoge.framework */ = {isa = PBXFileReference; explicitFileType = wrapper.framework; includeInIndex = 0; path = Pods_NotMyDoge.framework; sourceTree = BUILT_PRODUCTS_DIR; };
/* End PBXFileReference section */

/* Begin PBXFrameworksBuildPhase section */
		7B2B5B5A21371C8C00A6AB47 /* Frameworks */ = {
			isa = PBXFrameworksBuildPhase;
			buildActionMask = 2147483647;
			files = (
				7BB37EF5D46EF3C7D2232F3D /* Pods_NotMyDoge.framework in Frameworks */,
			);
			runOnlyForDeploymentPostprocessing = 0;
		};
		7B2B5B6E21371C9500A6AB47 /* Frameworks */ = {
			isa = PBXFrameworksBuildPhase;
			buildActionMask = 2147483647;
			files = (
				E0094FA0806610468AC1FB4A /* Pods_NotMyDogeTests.framework in Frameworks */,
			);
			runOnlyForDeploymentPostprocessing = 0;
		};
/* End PBXFrameworksBuildPhase section */

/* Begin PBXGroup section */
		0FDC028708A2E49184B76455 /* Frameworks */ = {
			isa = PBXGroup;
			children = (
				FE02868C06AD70A67C71D6E7 /* Pods_NotMyDoge.framework */,
				EDD99FB4DC103E6CF3346D6B /* Pods_NotMyDogeTests.framework */,
			);
			name = Frameworks;
			sourceTree = "<group>";
		};
		41F4E3F997A57D02FA9C5B30 /* Pods */ = {
			isa = PBXGroup;
			children = (
				354C43F4F079494D5BAC0063 /* Pods-NotMyDoge.debug.xcconfig */,
				3EDEA5335B25EF167BC98578 /* Pods-NotMyDoge.release.xcconfig */,
				A4B3F3F25E5D35933E6D3AB0 /* Pods-NotMyDogeTests.debug.xcconfig */,
				0B208AA084C1B4278A895455 /* Pods-NotMyDogeTests.release.xcconfig */,
			);
			name = Pods;
			sourceTree = "<group>";
		};
		7B2B5B5421371C8C00A6AB47 = {
			isa = PBXGroup;
			children = (
				7B2B5B5F21371C8C00A6AB47 /* NotMyDoge */,
				7B2B5B7421371C9500A6AB47 /* NotMyDogeTests */,
				7B2B5B5E21371C8C00A6AB47 /* Products */,
				41F4E3F997A57D02FA9C5B30 /* Pods */,
				0FDC028708A2E49184B76455 /* Frameworks */,
			);
			sourceTree = "<group>";
		};
		7B2B5B5E21371C8C00A6AB47 /* Products */ = {
			isa = PBXGroup;
			children = (
				7B2B5B5D21371C8C00A6AB47 /* NotMyDoge.app */,
				7B2B5B7121371C9500A6AB47 /* NotMyDogeTests.xctest */,
			);
			name = Products;
			sourceTree = "<group>";
		};
		7B2B5B5F21371C8C00A6AB47 /* NotMyDoge */ = {
			isa = PBXGroup;
			children = (
				7B5B257F213A58A70024BEBB /* Network */,
				7B5B2577213A570C0024BEBB /* Controllers */,
				7B5B2583213A598B0024BEBB /* Model */,
				7B5B2584213A59AB0024BEBB /* Helpers */,
				7B2B5B6021371C8C00A6AB47 /* AppDelegate.swift */,
				7B2B5B6721371C9500A6AB47 /* Assets.xcassets */,
				7B2B5B6921371C9500A6AB47 /* LaunchScreen.storyboard */,
				7B2B5B6C21371C9500A6AB47 /* Info.plist */,
			);
			path = NotMyDoge;
			sourceTree = "<group>";
		};
		7B2B5B7421371C9500A6AB47 /* NotMyDogeTests */ = {
			isa = PBXGroup;
			children = (
				7B5B2594213AA1080024BEBB /* JsonFiles */,
				7B2B5B7521371C9500A6AB47 /* NotMyDogeTests.swift */,
				7B5B258F213A9D080024BEBB /* FileRouter.swift */,
				7B5B2586213A61F10024BEBB /* APIManagerMock.swift */,
				7B2B5B7721371C9500A6AB47 /* Info.plist */,
			);
			path = NotMyDogeTests;
			sourceTree = "<group>";
		};
		7B5B2577213A570C0024BEBB /* Controllers */ = {
			isa = PBXGroup;
			children = (
				7B5B257D213A58140024BEBB /* Splash */,
				7B5B257B213A57650024BEBB /* Login */,
				7B5B2578213A57240024BEBB /* Home */,
				7B5B2579213A57420024BEBB /* MyDoge */,
				7B2B5B6421371C8C00A6AB47 /* Main.storyboard */,
			);
			path = Controllers;
			sourceTree = "<group>";
		};
		7B5B2578213A57240024BEBB /* Home */ = {
			isa = PBXGroup;
			children = (
				7B2C0772213840F50010EBA1 /* HomeViewController.swift */,
			);
			path = Home;
			sourceTree = "<group>";
		};
		7B5B2579213A57420024BEBB /* MyDoge */ = {
			isa = PBXGroup;
			children = (
				7B5B257A213A57540024BEBB /* ViewModel */,
				7B2C076C2137D9080010EBA1 /* MyDogeViewController.swift */,
			);
			path = MyDoge;
			sourceTree = "<group>";
		};
		7B5B257A213A57540024BEBB /* ViewModel */ = {
			isa = PBXGroup;
			children = (
				7B2C076E2137D9490010EBA1 /* MyDogeViewModel.swift */,
			);
			path = ViewModel;
			sourceTree = "<group>";
		};
		7B5B257B213A57650024BEBB /* Login */ = {
			isa = PBXGroup;
			children = (
				7B5B257C213A57830024BEBB /* ViewModel */,
				7B2C077C213879E90010EBA1 /* LoginViewController.swift */,
			);
			path = Login;
			sourceTree = "<group>";
		};
		7B5B257C213A57830024BEBB /* ViewModel */ = {
			isa = PBXGroup;
			children = (
				7B2C0782213885940010EBA1 /* LoginViewModel.swift */,
			);
			path = ViewModel;
			sourceTree = "<group>";
		};
		7B5B257D213A58140024BEBB /* Splash */ = {
			isa = PBXGroup;
			children = (
				7B2C07742138411D0010EBA1 /* SplashViewController.swift */,
			);
			path = Splash;
			sourceTree = "<group>";
		};
		7B5B257F213A58A70024BEBB /* Network */ = {
			isa = PBXGroup;
			children = (
				7B5B2582213A593B0024BEBB /* NetworkLayer */,
				7B5B2580213A58E10024BEBB /* Routers */,
			);
			path = Network;
			sourceTree = "<group>";
		};
		7B5B2580213A58E10024BEBB /* Routers */ = {
			isa = PBXGroup;
			children = (
				7B2C07662137C3DF0010EBA1 /* Router.swift */,
				7B5B2581213A59190024BEBB /* DogeFetchRouter */,
			);
			path = Routers;
			sourceTree = "<group>";
		};
		7B5B2581213A59190024BEBB /* DogeFetchRouter */ = {
			isa = PBXGroup;
			children = (
				7B2C07682137C66F0010EBA1 /* DogeFetchRouter.swift */,
			);
			path = DogeFetchRouter;
			sourceTree = "<group>";
		};
		7B5B2582213A593B0024BEBB /* NetworkLayer */ = {
			isa = PBXGroup;
			children = (
				7B2C07642137C1810010EBA1 /* APIManager.swift */,
				7B2C07702138215E0010EBA1 /* NetworkRequestManager.swift */,
			);
			path = NetworkLayer;
			sourceTree = "<group>";
		};
		7B5B2583213A598B0024BEBB /* Model */ = {
			isa = PBXGroup;
			children = (
				7B5B258B213A68240024BEBB /* MyDogeModel */,
				7B5B258A213A68170024BEBB /* User */,
				7B5B2588213A65600024BEBB /* Model.swift */,
			);
			path = Model;
			sourceTree = "<group>";
		};
		7B5B2584213A59AB0024BEBB /* Helpers */ = {
			isa = PBXGroup;
			children = (
				7B5B2585213A59DC0024BEBB /* Initializable */,
				7B2C0778213841D90010EBA1 /* UserManager.swift */,
				7B2C077A2138789B0010EBA1 /* NSObject+ClassName.swift */,
			);
			path = Helpers;
			sourceTree = "<group>";
		};
		7B5B2585213A59DC0024BEBB /* Initializable */ = {
			isa = PBXGroup;
			children = (
				7B2C077E21387A210010EBA1 /* Initializable.swift */,
				7B2C078021387AA10010EBA1 /* UIStoryboard+Storyboard.swift */,
			);
			path = Initializable;
			sourceTree = "<group>";
		};
		7B5B258A213A68170024BEBB /* User */ = {
			isa = PBXGroup;
			children = (
				7B2C0776213841700010EBA1 /* User.swift */,
			);
			path = User;
			sourceTree = "<group>";
		};
		7B5B258B213A68240024BEBB /* MyDogeModel */ = {
			isa = PBXGroup;
			children = (
				7B2C076A2137CE7F0010EBA1 /* DogeModel.swift */,
			);
			path = MyDogeModel;
			sourceTree = "<group>";
		};
		7B5B2594213AA1080024BEBB /* JsonFiles */ = {
			isa = PBXGroup;
			children = (
				7B5B258C213A99B00024BEBB /* doge.json */,
				7B5B2591213A9F100024BEBB /* dogecorrupt.json */,
			);
			path = JsonFiles;
			sourceTree = "<group>";
		};
/* End PBXGroup section */

/* Begin PBXNativeTarget section */
		7B2B5B5C21371C8C00A6AB47 /* NotMyDoge */ = {
			isa = PBXNativeTarget;
			buildConfigurationList = 7B2B5B7A21371C9500A6AB47 /* Build configuration list for PBXNativeTarget "NotMyDoge" */;
			buildPhases = (
				6BCE11C132FD97B1741B847B /* [CP] Check Pods Manifest.lock */,
				7B2B5B5921371C8C00A6AB47 /* Sources */,
				7B2B5B5A21371C8C00A6AB47 /* Frameworks */,
				7B2B5B5B21371C8C00A6AB47 /* Resources */,
				E8DA954D2ACEDFA51CE80426 /* [CP] Embed Pods Frameworks */,
			);
			buildRules = (
			);
			dependencies = (
			);
			name = NotMyDoge;
			productName = NotMyDoge;
			productReference = 7B2B5B5D21371C8C00A6AB47 /* NotMyDoge.app */;
			productType = "com.apple.product-type.application";
		};
		7B2B5B7021371C9500A6AB47 /* NotMyDogeTests */ = {
			isa = PBXNativeTarget;
			buildConfigurationList = 7B2B5B7D21371C9500A6AB47 /* Build configuration list for PBXNativeTarget "NotMyDogeTests" */;
			buildPhases = (
				4295305823D2541BAB32BD42 /* [CP] Check Pods Manifest.lock */,
				7B2B5B6D21371C9500A6AB47 /* Sources */,
				7B2B5B6E21371C9500A6AB47 /* Frameworks */,
				7B2B5B6F21371C9500A6AB47 /* Resources */,
			);
			buildRules = (
			);
			dependencies = (
				7B2B5B7321371C9500A6AB47 /* PBXTargetDependency */,
			);
			name = NotMyDogeTests;
			productName = NotMyDogeTests;
			productReference = 7B2B5B7121371C9500A6AB47 /* NotMyDogeTests.xctest */;
			productType = "com.apple.product-type.bundle.unit-test";
		};
/* End PBXNativeTarget section */

/* Begin PBXProject section */
		7B2B5B5521371C8C00A6AB47 /* Project object */ = {
			isa = PBXProject;
			attributes = {
				LastSwiftUpdateCheck = 0940;
				LastUpgradeCheck = 0940;
				ORGANIZATIONNAME = "Aaqib Hussain";
				TargetAttributes = {
					7B2B5B5C21371C8C00A6AB47 = {
						CreatedOnToolsVersion = 9.4;
					};
					7B2B5B7021371C9500A6AB47 = {
						CreatedOnToolsVersion = 9.4;
						TestTargetID = 7B2B5B5C21371C8C00A6AB47;
					};
				};
			};
			buildConfigurationList = 7B2B5B5821371C8C00A6AB47 /* Build configuration list for PBXProject "NotMyDoge" */;
			compatibilityVersion = "Xcode 9.3";
			developmentRegion = en;
			hasScannedForEncodings = 0;
			knownRegions = (
				en,
				Base,
			);
			mainGroup = 7B2B5B5421371C8C00A6AB47;
			productRefGroup = 7B2B5B5E21371C8C00A6AB47 /* Products */;
			projectDirPath = "";
			projectRoot = "";
			targets = (
				7B2B5B5C21371C8C00A6AB47 /* NotMyDoge */,
				7B2B5B7021371C9500A6AB47 /* NotMyDogeTests */,
			);
		};
/* End PBXProject section */

/* Begin PBXResourcesBuildPhase section */
		7B2B5B5B21371C8C00A6AB47 /* Resources */ = {
			isa = PBXResourcesBuildPhase;
			buildActionMask = 2147483647;
			files = (
				7B5B258E213A9A5A0024BEBB /* doge.json in Resources */,
				7B2B5B6B21371C9500A6AB47 /* LaunchScreen.storyboard in Resources */,
				7B5B2593213A9FD40024BEBB /* dogecorrupt.json in Resources */,
				7B2B5B6821371C9500A6AB47 /* Assets.xcassets in Resources */,
				7B2B5B6621371C8C00A6AB47 /* Main.storyboard in Resources */,
			);
			runOnlyForDeploymentPostprocessing = 0;
		};
		7B2B5B6F21371C9500A6AB47 /* Resources */ = {
			isa = PBXResourcesBuildPhase;
			buildActionMask = 2147483647;
			files = (
				7B5B2592213A9FD30024BEBB /* dogecorrupt.json in Resources */,
				7B5B258D213A99DA0024BEBB /* doge.json in Resources */,
			);
			runOnlyForDeploymentPostprocessing = 0;
		};
/* End PBXResourcesBuildPhase section */

/* Begin PBXShellScriptBuildPhase section */
		4295305823D2541BAB32BD42 /* [CP] Check Pods Manifest.lock */ = {
			isa = PBXShellScriptBuildPhase;
			buildActionMask = 2147483647;
			files = (
			);
			inputPaths = (
				"${PODS_PODFILE_DIR_PATH}/Podfile.lock",
				"${PODS_ROOT}/Manifest.lock",
			);
			name = "[CP] Check Pods Manifest.lock";
			outputPaths = (
				"$(DERIVED_FILE_DIR)/Pods-NotMyDogeTests-checkManifestLockResult.txt",
			);
			runOnlyForDeploymentPostprocessing = 0;
			shellPath = /bin/sh;
			shellScript = "diff \"${PODS_PODFILE_DIR_PATH}/Podfile.lock\" \"${PODS_ROOT}/Manifest.lock\" > /dev/null\nif [ $? != 0 ] ; then\n    # print error to STDERR\n    echo \"error: The sandbox is not in sync with the Podfile.lock. Run 'pod install' or update your CocoaPods installation.\" >&2\n    exit 1\nfi\n# This output is used by Xcode 'outputs' to avoid re-running this script phase.\necho \"SUCCESS\" > \"${SCRIPT_OUTPUT_FILE_0}\"\n";
			showEnvVarsInLog = 0;
		};
		6BCE11C132FD97B1741B847B /* [CP] Check Pods Manifest.lock */ = {
			isa = PBXShellScriptBuildPhase;
			buildActionMask = 2147483647;
			files = (
			);
			inputPaths = (
				"${PODS_PODFILE_DIR_PATH}/Podfile.lock",
				"${PODS_ROOT}/Manifest.lock",
			);
			name = "[CP] Check Pods Manifest.lock";
			outputPaths = (
				"$(DERIVED_FILE_DIR)/Pods-NotMyDoge-checkManifestLockResult.txt",
			);
			runOnlyForDeploymentPostprocessing = 0;
			shellPath = /bin/sh;
			shellScript = "diff \"${PODS_PODFILE_DIR_PATH}/Podfile.lock\" \"${PODS_ROOT}/Manifest.lock\" > /dev/null\nif [ $? != 0 ] ; then\n    # print error to STDERR\n    echo \"error: The sandbox is not in sync with the Podfile.lock. Run 'pod install' or update your CocoaPods installation.\" >&2\n    exit 1\nfi\n# This output is used by Xcode 'outputs' to avoid re-running this script phase.\necho \"SUCCESS\" > \"${SCRIPT_OUTPUT_FILE_0}\"\n";
			showEnvVarsInLog = 0;
		};
		E8DA954D2ACEDFA51CE80426 /* [CP] Embed Pods Frameworks */ = {
			isa = PBXShellScriptBuildPhase;
			buildActionMask = 2147483647;
			files = (
			);
			inputPaths = (
				"${SRCROOT}/Pods/Target Support Files/Pods-NotMyDoge/Pods-NotMyDoge-frameworks.sh",
				"${BUILT_PRODUCTS_DIR}/Alamofire/Alamofire.framework",
				"${BUILT_PRODUCTS_DIR}/Kingfisher/Kingfisher.framework",
				"${BUILT_PRODUCTS_DIR}/ObjectMapper/ObjectMapper.framework",
				"${BUILT_PRODUCTS_DIR}/Toast-Swift/Toast_Swift.framework",
			);
			name = "[CP] Embed Pods Frameworks";
			outputPaths = (
				"${TARGET_BUILD_DIR}/${FRAMEWORKS_FOLDER_PATH}/Alamofire.framework",
				"${TARGET_BUILD_DIR}/${FRAMEWORKS_FOLDER_PATH}/Kingfisher.framework",
				"${TARGET_BUILD_DIR}/${FRAMEWORKS_FOLDER_PATH}/ObjectMapper.framework",
				"${TARGET_BUILD_DIR}/${FRAMEWORKS_FOLDER_PATH}/Toast_Swift.framework",
			);
			runOnlyForDeploymentPostprocessing = 0;
			shellPath = /bin/sh;
			shellScript = "\"${SRCROOT}/Pods/Target Support Files/Pods-NotMyDoge/Pods-NotMyDoge-frameworks.sh\"\n";
			showEnvVarsInLog = 0;
		};
/* End PBXShellScriptBuildPhase section */

/* Begin PBXSourcesBuildPhase section */
		7B2B5B5921371C8C00A6AB47 /* Sources */ = {
			isa = PBXSourcesBuildPhase;
			buildActionMask = 2147483647;
			files = (
				7B2C077D213879E90010EBA1 /* LoginViewController.swift in Sources */,
				7B2C077F21387A210010EBA1 /* Initializable.swift in Sources */,
				7B2C076B2137CE7F0010EBA1 /* DogeModel.swift in Sources */,
				7B2C078121387AA10010EBA1 /* UIStoryboard+Storyboard.swift in Sources */,
				7B2C076F2137D9490010EBA1 /* MyDogeViewModel.swift in Sources */,
				7B2C07692137C66F0010EBA1 /* DogeFetchRouter.swift in Sources */,
				7B2C0773213840F50010EBA1 /* HomeViewController.swift in Sources */,
				7B2C07672137C3DF0010EBA1 /* Router.swift in Sources */,
				7B2C07652137C1810010EBA1 /* APIManager.swift in Sources */,
				7B5B2589213A65600024BEBB /* Model.swift in Sources */,
				7B2C0779213841D90010EBA1 /* UserManager.swift in Sources */,
				7B2C0783213885940010EBA1 /* LoginViewModel.swift in Sources */,
				7B2C076D2137D9080010EBA1 /* MyDogeViewController.swift in Sources */,
				7B2C077B2138789B0010EBA1 /* NSObject+ClassName.swift in Sources */,
				7B2C07712138215E0010EBA1 /* NetworkRequestManager.swift in Sources */,
				7B2B5B6121371C8C00A6AB47 /* AppDelegate.swift in Sources */,
				7B2C07752138411D0010EBA1 /* SplashViewController.swift in Sources */,
				7B2C0777213841700010EBA1 /* User.swift in Sources */,
			);
			runOnlyForDeploymentPostprocessing = 0;
		};
		7B2B5B6D21371C9500A6AB47 /* Sources */ = {
			isa = PBXSourcesBuildPhase;
			buildActionMask = 2147483647;
			files = (
				7B5B2587213A61F10024BEBB /* APIManagerMock.swift in Sources */,
				7B5B2590213A9D080024BEBB /* FileRouter.swift in Sources */,
				7B2B5B7621371C9500A6AB47 /* NotMyDogeTests.swift in Sources */,
			);
			runOnlyForDeploymentPostprocessing = 0;
		};
/* End PBXSourcesBuildPhase section */

/* Begin PBXTargetDependency section */
		7B2B5B7321371C9500A6AB47 /* PBXTargetDependency */ = {
			isa = PBXTargetDependency;
			target = 7B2B5B5C21371C8C00A6AB47 /* NotMyDoge */;
			targetProxy = 7B2B5B7221371C9500A6AB47 /* PBXContainerItemProxy */;
		};
/* End PBXTargetDependency section */

/* Begin PBXVariantGroup section */
		7B2B5B6421371C8C00A6AB47 /* Main.storyboard */ = {
			isa = PBXVariantGroup;
			children = (
				7B2B5B6521371C8C00A6AB47 /* Base */,
			);
			name = Main.storyboard;
			sourceTree = "<group>";
		};
		7B2B5B6921371C9500A6AB47 /* LaunchScreen.storyboard */ = {
			isa = PBXVariantGroup;
			children = (
				7B2B5B6A21371C9500A6AB47 /* Base */,
			);
			name = LaunchScreen.storyboard;
			sourceTree = "<group>";
		};
/* End PBXVariantGroup section */

/* Begin XCBuildConfiguration section */
		7B2B5B7821371C9500A6AB47 /* Debug */ = {
			isa = XCBuildConfiguration;
			buildSettings = {
				ALWAYS_SEARCH_USER_PATHS = NO;
				CLANG_ANALYZER_NONNULL = YES;
				CLANG_ANALYZER_NUMBER_OBJECT_CONVERSION = YES_AGGRESSIVE;
				CLANG_CXX_LANGUAGE_STANDARD = "gnu++14";
				CLANG_CXX_LIBRARY = "libc++";
				CLANG_ENABLE_MODULES = YES;
				CLANG_ENABLE_OBJC_ARC = YES;
				CLANG_ENABLE_OBJC_WEAK = YES;
				CLANG_WARN_BLOCK_CAPTURE_AUTORELEASING = YES;
				CLANG_WARN_BOOL_CONVERSION = YES;
				CLANG_WARN_COMMA = YES;
				CLANG_WARN_CONSTANT_CONVERSION = YES;
				CLANG_WARN_DEPRECATED_OBJC_IMPLEMENTATIONS = YES;
				CLANG_WARN_DIRECT_OBJC_ISA_USAGE = YES_ERROR;
				CLANG_WARN_DOCUMENTATION_COMMENTS = YES;
				CLANG_WARN_EMPTY_BODY = YES;
				CLANG_WARN_ENUM_CONVERSION = YES;
				CLANG_WARN_INFINITE_RECURSION = YES;
				CLANG_WARN_INT_CONVERSION = YES;
				CLANG_WARN_NON_LITERAL_NULL_CONVERSION = YES;
				CLANG_WARN_OBJC_IMPLICIT_RETAIN_SELF = YES;
				CLANG_WARN_OBJC_LITERAL_CONVERSION = YES;
				CLANG_WARN_OBJC_ROOT_CLASS = YES_ERROR;
				CLANG_WARN_RANGE_LOOP_ANALYSIS = YES;
				CLANG_WARN_STRICT_PROTOTYPES = YES;
				CLANG_WARN_SUSPICIOUS_MOVE = YES;
				CLANG_WARN_UNGUARDED_AVAILABILITY = YES_AGGRESSIVE;
				CLANG_WARN_UNREACHABLE_CODE = YES;
				CLANG_WARN__DUPLICATE_METHOD_MATCH = YES;
				CODE_SIGN_IDENTITY = "iPhone Developer";
				COPY_PHASE_STRIP = NO;
				DEBUG_INFORMATION_FORMAT = dwarf;
				ENABLE_STRICT_OBJC_MSGSEND = YES;
				ENABLE_TESTABILITY = YES;
				GCC_C_LANGUAGE_STANDARD = gnu11;
				GCC_DYNAMIC_NO_PIC = NO;
				GCC_NO_COMMON_BLOCKS = YES;
				GCC_OPTIMIZATION_LEVEL = 0;
				GCC_PREPROCESSOR_DEFINITIONS = (
					"DEBUG=1",
					"$(inherited)",
				);
				GCC_WARN_64_TO_32_BIT_CONVERSION = YES;
				GCC_WARN_ABOUT_RETURN_TYPE = YES_ERROR;
				GCC_WARN_UNDECLARED_SELECTOR = YES;
				GCC_WARN_UNINITIALIZED_AUTOS = YES_AGGRESSIVE;
				GCC_WARN_UNUSED_FUNCTION = YES;
				GCC_WARN_UNUSED_VARIABLE = YES;
				IPHONEOS_DEPLOYMENT_TARGET = 11.4;
				MTL_ENABLE_DEBUG_INFO = YES;
				ONLY_ACTIVE_ARCH = YES;
				SDKROOT = iphoneos;
				SWIFT_ACTIVE_COMPILATION_CONDITIONS = DEBUG;
				SWIFT_OPTIMIZATION_LEVEL = "-Onone";
			};
			name = Debug;
		};
		7B2B5B7921371C9500A6AB47 /* Release */ = {
			isa = XCBuildConfiguration;
			buildSettings = {
				ALWAYS_SEARCH_USER_PATHS = NO;
				CLANG_ANALYZER_NONNULL = YES;
				CLANG_ANALYZER_NUMBER_OBJECT_CONVERSION = YES_AGGRESSIVE;
				CLANG_CXX_LANGUAGE_STANDARD = "gnu++14";
				CLANG_CXX_LIBRARY = "libc++";
				CLANG_ENABLE_MODULES = YES;
				CLANG_ENABLE_OBJC_ARC = YES;
				CLANG_ENABLE_OBJC_WEAK = YES;
				CLANG_WARN_BLOCK_CAPTURE_AUTORELEASING = YES;
				CLANG_WARN_BOOL_CONVERSION = YES;
				CLANG_WARN_COMMA = YES;
				CLANG_WARN_CONSTANT_CONVERSION = YES;
				CLANG_WARN_DEPRECATED_OBJC_IMPLEMENTATIONS = YES;
				CLANG_WARN_DIRECT_OBJC_ISA_USAGE = YES_ERROR;
				CLANG_WARN_DOCUMENTATION_COMMENTS = YES;
				CLANG_WARN_EMPTY_BODY = YES;
				CLANG_WARN_ENUM_CONVERSION = YES;
				CLANG_WARN_INFINITE_RECURSION = YES;
				CLANG_WARN_INT_CONVERSION = YES;
				CLANG_WARN_NON_LITERAL_NULL_CONVERSION = YES;
				CLANG_WARN_OBJC_IMPLICIT_RETAIN_SELF = YES;
				CLANG_WARN_OBJC_LITERAL_CONVERSION = YES;
				CLANG_WARN_OBJC_ROOT_CLASS = YES_ERROR;
				CLANG_WARN_RANGE_LOOP_ANALYSIS = YES;
				CLANG_WARN_STRICT_PROTOTYPES = YES;
				CLANG_WARN_SUSPICIOUS_MOVE = YES;
				CLANG_WARN_UNGUARDED_AVAILABILITY = YES_AGGRESSIVE;
				CLANG_WARN_UNREACHABLE_CODE = YES;
				CLANG_WARN__DUPLICATE_METHOD_MATCH = YES;
				CODE_SIGN_IDENTITY = "iPhone Developer";
				COPY_PHASE_STRIP = NO;
				DEBUG_INFORMATION_FORMAT = "dwarf-with-dsym";
				ENABLE_NS_ASSERTIONS = NO;
				ENABLE_STRICT_OBJC_MSGSEND = YES;
				GCC_C_LANGUAGE_STANDARD = gnu11;
				GCC_NO_COMMON_BLOCKS = YES;
				GCC_WARN_64_TO_32_BIT_CONVERSION = YES;
				GCC_WARN_ABOUT_RETURN_TYPE = YES_ERROR;
				GCC_WARN_UNDECLARED_SELECTOR = YES;
				GCC_WARN_UNINITIALIZED_AUTOS = YES_AGGRESSIVE;
				GCC_WARN_UNUSED_FUNCTION = YES;
				GCC_WARN_UNUSED_VARIABLE = YES;
				IPHONEOS_DEPLOYMENT_TARGET = 11.4;
				MTL_ENABLE_DEBUG_INFO = NO;
				SDKROOT = iphoneos;
				SWIFT_COMPILATION_MODE = wholemodule;
				SWIFT_OPTIMIZATION_LEVEL = "-O";
				VALIDATE_PRODUCT = YES;
			};
			name = Release;
		};
		7B2B5B7B21371C9500A6AB47 /* Debug */ = {
			isa = XCBuildConfiguration;
			baseConfigurationReference = 354C43F4F079494D5BAC0063 /* Pods-NotMyDoge.debug.xcconfig */;
			buildSettings = {
				ASSETCATALOG_COMPILER_APPICON_NAME = AppIcon;
				CODE_SIGN_STYLE = Automatic;
				DEVELOPMENT_TEAM = 8M8EB3JWC4;
				INFOPLIST_FILE = NotMyDoge/Info.plist;
				IPHONEOS_DEPLOYMENT_TARGET = 10.0;
				LD_RUNPATH_SEARCH_PATHS = (
					"$(inherited)",
					"@executable_path/Frameworks",
				);
				PRODUCT_BUNDLE_IDENTIFIER = com.kodesnippets.NotMyDoge;
				PRODUCT_NAME = "$(TARGET_NAME)";
				SWIFT_VERSION = 4.0;
				TARGETED_DEVICE_FAMILY = "1,2";
			};
			name = Debug;
		};
		7B2B5B7C21371C9500A6AB47 /* Release */ = {
			isa = XCBuildConfiguration;
			baseConfigurationReference = 3EDEA5335B25EF167BC98578 /* Pods-NotMyDoge.release.xcconfig */;
			buildSettings = {
				ASSETCATALOG_COMPILER_APPICON_NAME = AppIcon;
				CODE_SIGN_STYLE = Automatic;
				DEVELOPMENT_TEAM = 8M8EB3JWC4;
				INFOPLIST_FILE = NotMyDoge/Info.plist;
				IPHONEOS_DEPLOYMENT_TARGET = 10.0;
				LD_RUNPATH_SEARCH_PATHS = (
					"$(inherited)",
					"@executable_path/Frameworks",
				);
				PRODUCT_BUNDLE_IDENTIFIER = com.kodesnippets.NotMyDoge;
				PRODUCT_NAME = "$(TARGET_NAME)";
				SWIFT_VERSION = 4.0;
				TARGETED_DEVICE_FAMILY = "1,2";
			};
			name = Release;
		};
		7B2B5B7E21371C9500A6AB47 /* Debug */ = {
			isa = XCBuildConfiguration;
			baseConfigurationReference = A4B3F3F25E5D35933E6D3AB0 /* Pods-NotMyDogeTests.debug.xcconfig */;
			buildSettings = {
				ALWAYS_EMBED_SWIFT_STANDARD_LIBRARIES = YES;
				BUNDLE_LOADER = "$(TEST_HOST)";
				CODE_SIGN_STYLE = Automatic;
				INFOPLIST_FILE = NotMyDogeTests/Info.plist;
				LD_RUNPATH_SEARCH_PATHS = (
					"$(inherited)",
					"@executable_path/Frameworks",
					"@loader_path/Frameworks",
				);
				PRODUCT_BUNDLE_IDENTIFIER = com.kodesnippets.NotMyDogeTests;
				PRODUCT_NAME = "$(TARGET_NAME)";
				SWIFT_VERSION = 4.0;
				TARGETED_DEVICE_FAMILY = "1,2";
				TEST_HOST = "$(BUILT_PRODUCTS_DIR)/NotMyDoge.app/NotMyDoge";
			};
			name = Debug;
		};
		7B2B5B7F21371C9500A6AB47 /* Release */ = {
			isa = XCBuildConfiguration;
			baseConfigurationReference = 0B208AA084C1B4278A895455 /* Pods-NotMyDogeTests.release.xcconfig */;
			buildSettings = {
				ALWAYS_EMBED_SWIFT_STANDARD_LIBRARIES = YES;
				BUNDLE_LOADER = "$(TEST_HOST)";
				CODE_SIGN_STYLE = Automatic;
				INFOPLIST_FILE = NotMyDogeTests/Info.plist;
				LD_RUNPATH_SEARCH_PATHS = (
					"$(inherited)",
					"@executable_path/Frameworks",
					"@loader_path/Frameworks",
				);
				PRODUCT_BUNDLE_IDENTIFIER = com.kodesnippets.NotMyDogeTests;
				PRODUCT_NAME = "$(TARGET_NAME)";
				SWIFT_VERSION = 4.0;
				TARGETED_DEVICE_FAMILY = "1,2";
				TEST_HOST = "$(BUILT_PRODUCTS_DIR)/NotMyDoge.app/NotMyDoge";
			};
			name = Release;
		};
/* End XCBuildConfiguration section */

/* Begin XCConfigurationList section */
		7B2B5B5821371C8C00A6AB47 /* Build configuration list for PBXProject "NotMyDoge" */ = {
			isa = XCConfigurationList;
			buildConfigurations = (
				7B2B5B7821371C9500A6AB47 /* Debug */,
				7B2B5B7921371C9500A6AB47 /* Release */,
			);
			defaultConfigurationIsVisible = 0;
			defaultConfigurationName = Release;
		};
		7B2B5B7A21371C9500A6AB47 /* Build configuration list for PBXNativeTarget "NotMyDoge" */ = {
			isa = XCConfigurationList;
			buildConfigurations = (
				7B2B5B7B21371C9500A6AB47 /* Debug */,
				7B2B5B7C21371C9500A6AB47 /* Release */,
			);
			defaultConfigurationIsVisible = 0;
			defaultConfigurationName = Release;
		};
		7B2B5B7D21371C9500A6AB47 /* Build configuration list for PBXNativeTarget "NotMyDogeTests" */ = {
			isa = XCConfigurationList;
			buildConfigurations = (
				7B2B5B7E21371C9500A6AB47 /* Debug */,
				7B2B5B7F21371C9500A6AB47 /* Release */,
			);
			defaultConfigurationIsVisible = 0;
			defaultConfigurationName = Release;
		};
/* End XCConfigurationList section */
	};
	rootObject = 7B2B5B5521371C8C00A6AB47 /* Project object */;
}
